
Microsoft Visual Studio Solution File, Format Version 12.00
# Visual Studio Version 16
VisualStudioVersion = 16.0.30711.63
MinimumVisualStudioVersion = 10.0.40219.1
Project("{FAE04EC0-301F-11D3-BF4B-00C04F79EFBC}") = "FocusSolutionsLotto", "FocusSolutionsLotto.csproj", "{5FA733A3-F652-4E4F-96E1-A0CA5DD2DB34}"
EndProject
Global
	GlobalSection(SolutionConfigurationPlatforms) = preSolution
		Debug|Any CPU = Debug|Any CPU
		Release|Any CPU = Release|Any CPU
	EndGlobalSection
	GlobalSection(ProjectConfigurationPlatforms) = postSolution
		{5FA733A3-F652-4E4F-96E1-A0CA5DD2DB34}.Debug|Any CPU.ActiveCfg = Debug|Any CPU
		{5FA733A3-F652-4E4F-96E1-A0CA5DD2DB34}.Debug|Any CPU.Build.0 = Debug|Any CPU
		{5FA733A3-F652-4E4F-96E1-A0CA5DD2DB34}.Release|Any CPU.ActiveCfg = Release|Any CPU
		{5FA733A3-F652-4E4F-96E1-A0CA5DD2DB34}.Release|Any CPU.Build.0 = Release|Any CPU
	EndGlobalSection
	GlobalSection(SolutionProperties) = preSolution
		HideSolutionNode = FALSE
	EndGlobalSection
	GlobalSection(ExtensibilityGlobals) = postSolution
		SolutionGuid = {D11AC27D-DF61-4644-BBB2-AB899C7FAE8D}
	EndGlobalSection
EndGlobal
